// !$*UTF8*$!
{
	archiveVersion = 1;
	classes = {
	};
	objectVersion = 56;
	objects = {

/* Begin PBXBuildFile section */
		521AAA742AC079180036E385 /* AppDelegate.swift in Sources */ = {isa = PBXBuildFile; fileRef = 521AAA732AC079180036E385 /* AppDelegate.swift */; };
		521AAA762AC079180036E385 /* SceneDelegate.swift in Sources */ = {isa = PBXBuildFile; fileRef = 521AAA752AC079180036E385 /* SceneDelegate.swift */; };
		521AAA782AC079190036E385 /* ListViewController.swift in Sources */ = {isa = PBXBuildFile; fileRef = 521AAA772AC079180036E385 /* ListViewController.swift */; };
		521AAA7D2AC0791A0036E385 /* Assets.xcassets in Resources */ = {isa = PBXBuildFile; fileRef = 521AAA7C2AC0791A0036E385 /* Assets.xcassets */; };
		521AAA802AC0791A0036E385 /* LaunchScreen.storyboard in Resources */ = {isa = PBXBuildFile; fileRef = 521AAA7E2AC0791A0036E385 /* LaunchScreen.storyboard */; };
		521AAA8B2AC0791A0036E385 /* BalinaSoftTestTests.swift in Sources */ = {isa = PBXBuildFile; fileRef = 521AAA8A2AC0791A0036E385 /* BalinaSoftTestTests.swift */; };
		521AAA952AC0791A0036E385 /* BalinaSoftTestUITests.swift in Sources */ = {isa = PBXBuildFile; fileRef = 521AAA942AC0791A0036E385 /* BalinaSoftTestUITests.swift */; };
		521AAA972AC0791A0036E385 /* BalinaSoftTestUITestsLaunchTests.swift in Sources */ = {isa = PBXBuildFile; fileRef = 521AAA962AC0791A0036E385 /* BalinaSoftTestUITestsLaunchTests.swift */; };
		52B6E6432AC0825B00F1D523 /* UIColor + Extension.swift in Sources */ = {isa = PBXBuildFile; fileRef = 52B6E6422AC0825B00F1D523 /* UIColor + Extension.swift */; };
		52B6E6452AC085A200F1D523 /* CustomCell.swift in Sources */ = {isa = PBXBuildFile; fileRef = 52B6E6442AC085A200F1D523 /* CustomCell.swift */; };
		52B6E6482AC0870400F1D523 /* NetworkService.swift in Sources */ = {isa = PBXBuildFile; fileRef = 52B6E6472AC0870400F1D523 /* NetworkService.swift */; };
		52B6E64A2AC0873800F1D523 /* Page.swift in Sources */ = {isa = PBXBuildFile; fileRef = 52B6E6492AC0873800F1D523 /* Page.swift */; };
/* End PBXBuildFile section */

/* Begin PBXContainerItemProxy section */
		521AAA872AC0791A0036E385 /* PBXContainerItemProxy */ = {
			isa = PBXContainerItemProxy;
			containerPortal = 521AAA682AC079180036E385 /* Project object */;
			proxyType = 1;
			remoteGlobalIDString = 521AAA6F2AC079180036E385;
			remoteInfo = BalinaSoftTest;
		};
		521AAA912AC0791A0036E385 /* PBXContainerItemProxy */ = {
			isa = PBXContainerItemProxy;
			containerPortal = 521AAA682AC079180036E385 /* Project object */;
			proxyType = 1;
			remoteGlobalIDString = 521AAA6F2AC079180036E385;
			remoteInfo = BalinaSoftTest;
		};
/* End PBXContainerItemProxy section */

/* Begin PBXFileReference section */
		521AAA702AC079180036E385 /* BalinaSoftTest.app */ = {isa = PBXFileReference; explicitFileType = wrapper.application; includeInIndex = 0; path = BalinaSoftTest.app; sourceTree = BUILT_PRODUCTS_DIR; };
		521AAA732AC079180036E385 /* AppDelegate.swift */ = {isa = PBXFileReference; lastKnownFileType = sourcecode.swift; path = AppDelegate.swift; sourceTree = "<group>"; };
		521AAA752AC079180036E385 /* SceneDelegate.swift */ = {isa = PBXFileReference; lastKnownFileType = sourcecode.swift; path = SceneDelegate.swift; sourceTree = "<group>"; };
		521AAA772AC079180036E385 /* ListViewController.swift */ = {isa = PBXFileReference; lastKnownFileType = sourcecode.swift; path = ListViewController.swift; sourceTree = "<group>"; };
		521AAA7C2AC0791A0036E385 /* Assets.xcassets */ = {isa = PBXFileReference; lastKnownFileType = folder.assetcatalog; path = Assets.xcassets; sourceTree = "<group>"; };
		521AAA7F2AC0791A0036E385 /* Base */ = {isa = PBXFileReference; lastKnownFileType = file.storyboard; name = Base; path = Base.lproj/LaunchScreen.storyboard; sourceTree = "<group>"; };
		521AAA812AC0791A0036E385 /* Info.plist */ = {isa = PBXFileReference; lastKnownFileType = text.plist.xml; path = Info.plist; sourceTree = "<group>"; };
		521AAA862AC0791A0036E385 /* BalinaSoftTestTests.xctest */ = {isa = PBXFileReference; explicitFileType = wrapper.cfbundle; includeInIndex = 0; path = BalinaSoftTestTests.xctest; sourceTree = BUILT_PRODUCTS_DIR; };
		521AAA8A2AC0791A0036E385 /* BalinaSoftTestTests.swift */ = {isa = PBXFileReference; lastKnownFileType = sourcecode.swift; path = BalinaSoftTestTests.swift; sourceTree = "<group>"; };
		521AAA902AC0791A0036E385 /* BalinaSoftTestUITests.xctest */ = {isa = PBXFileReference; explicitFileType = wrapper.cfbundle; includeInIndex = 0; path = BalinaSoftTestUITests.xctest; sourceTree = BUILT_PRODUCTS_DIR; };
		521AAA942AC0791A0036E385 /* BalinaSoftTestUITests.swift */ = {isa = PBXFileReference; lastKnownFileType = sourcecode.swift; path = BalinaSoftTestUITests.swift; sourceTree = "<group>"; };
		521AAA962AC0791A0036E385 /* BalinaSoftTestUITestsLaunchTests.swift */ = {isa = PBXFileReference; lastKnownFileType = sourcecode.swift; path = BalinaSoftTestUITestsLaunchTests.swift; sourceTree = "<group>"; };
		52B6E6422AC0825B00F1D523 /* UIColor + Extension.swift */ = {isa = PBXFileReference; lastKnownFileType = sourcecode.swift; path = "UIColor + Extension.swift"; sourceTree = "<group>"; };
		52B6E6442AC085A200F1D523 /* CustomCell.swift */ = {isa = PBXFileReference; lastKnownFileType = sourcecode.swift; path = CustomCell.swift; sourceTree = "<group>"; };
		52B6E6472AC0870400F1D523 /* NetworkService.swift */ = {isa = PBXFileReference; lastKnownFileType = sourcecode.swift; path = NetworkService.swift; sourceTree = "<group>"; };
		52B6E6492AC0873800F1D523 /* Page.swift */ = {isa = PBXFileReference; lastKnownFileType = sourcecode.swift; path = Page.swift; sourceTree = "<group>"; };
/* End PBXFileReference section */

/* Begin PBXFrameworksBuildPhase section */
		521AAA6D2AC079180036E385 /* Frameworks */ = {
			isa = PBXFrameworksBuildPhase;
			buildActionMask = 2147483647;
			files = (
			);
			runOnlyForDeploymentPostprocessing = 0;
		};
		521AAA832AC0791A0036E385 /* Frameworks */ = {
			isa = PBXFrameworksBuildPhase;
			buildActionMask = 2147483647;
			files = (
			);
			runOnlyForDeploymentPostprocessing = 0;
		};
		521AAA8D2AC0791A0036E385 /* Frameworks */ = {
			isa = PBXFrameworksBuildPhase;
			buildActionMask = 2147483647;
			files = (
			);
			runOnlyForDeploymentPostprocessing = 0;
		};
/* End PBXFrameworksBuildPhase section */

/* Begin PBXGroup section */
		521AAA672AC079180036E385 = {
			isa = PBXGroup;
			children = (
				521AAA722AC079180036E385 /* BalinaSoftTest */,
				521AAA892AC0791A0036E385 /* BalinaSoftTestTests */,
				521AAA932AC0791A0036E385 /* BalinaSoftTestUITests */,
				521AAA712AC079180036E385 /* Products */,
			);
			sourceTree = "<group>";
		};
		521AAA712AC079180036E385 /* Products */ = {
			isa = PBXGroup;
			children = (
				521AAA702AC079180036E385 /* BalinaSoftTest.app */,
				521AAA862AC0791A0036E385 /* BalinaSoftTestTests.xctest */,
				521AAA902AC0791A0036E385 /* BalinaSoftTestUITests.xctest */,
			);
			name = Products;
			sourceTree = "<group>";
		};
		521AAA722AC079180036E385 /* BalinaSoftTest */ = {
			isa = PBXGroup;
			children = (
				52B6E63B2AC07EA700F1D523 /* App Delegate */,
				52B6E6462AC086E500F1D523 /* NetworkService */,
				52B6E63C2AC07EBD00F1D523 /* Model */,
				52B6E63E2AC07EFB00F1D523 /* View */,
				52B6E63D2AC07EE600F1D523 /* Controller */,
				52B6E6402AC0823F00F1D523 /* Extension */,
				52B6E63F2AC07F1100F1D523 /* Resources */,
			);
			path = BalinaSoftTest;
			sourceTree = "<group>";
		};
		521AAA892AC0791A0036E385 /* BalinaSoftTestTests */ = {
			isa = PBXGroup;
			children = (
				521AAA8A2AC0791A0036E385 /* BalinaSoftTestTests.swift */,
			);
			path = BalinaSoftTestTests;
			sourceTree = "<group>";
		};
		521AAA932AC0791A0036E385 /* BalinaSoftTestUITests */ = {
			isa = PBXGroup;
			children = (
				521AAA942AC0791A0036E385 /* BalinaSoftTestUITests.swift */,
				521AAA962AC0791A0036E385 /* BalinaSoftTestUITestsLaunchTests.swift */,
			);
			path = BalinaSoftTestUITests;
			sourceTree = "<group>";
		};
		52B6E63B2AC07EA700F1D523 /* App Delegate */ = {
			isa = PBXGroup;
			children = (
				521AAA732AC079180036E385 /* AppDelegate.swift */,
				521AAA752AC079180036E385 /* SceneDelegate.swift */,
			);
			path = "App Delegate";
			sourceTree = "<group>";
		};
		52B6E63C2AC07EBD00F1D523 /* Model */ = {
			isa = PBXGroup;
			children = (
				52B6E6492AC0873800F1D523 /* Page.swift */,
			);
			path = Model;
			sourceTree = "<group>";
		};
		52B6E63D2AC07EE600F1D523 /* Controller */ = {
			isa = PBXGroup;
			children = (
				521AAA772AC079180036E385 /* ListViewController.swift */,
			);
			path = Controller;
			sourceTree = "<group>";
		};
		52B6E63E2AC07EFB00F1D523 /* View */ = {
			isa = PBXGroup;
			children = (
				52B6E6442AC085A200F1D523 /* CustomCell.swift */,
			);
			path = View;
			sourceTree = "<group>";
		};
		52B6E63F2AC07F1100F1D523 /* Resources */ = {
			isa = PBXGroup;
			children = (
				521AAA7C2AC0791A0036E385 /* Assets.xcassets */,
				521AAA7E2AC0791A0036E385 /* LaunchScreen.storyboard */,
				521AAA812AC0791A0036E385 /* Info.plist */,
			);
			path = Resources;
			sourceTree = "<group>";
		};
		52B6E6402AC0823F00F1D523 /* Extension */ = {
			isa = PBXGroup;
			children = (
				52B6E6412AC0824A00F1D523 /* UIKit */,
			);
			path = Extension;
			sourceTree = "<group>";
		};
		52B6E6412AC0824A00F1D523 /* UIKit */ = {
			isa = PBXGroup;
			children = (
				52B6E6422AC0825B00F1D523 /* UIColor + Extension.swift */,
			);
			path = UIKit;
			sourceTree = "<group>";
		};
		52B6E6462AC086E500F1D523 /* NetworkService */ = {
			isa = PBXGroup;
			children = (
				52B6E6472AC0870400F1D523 /* NetworkService.swift */,
			);
			path = NetworkService;
			sourceTree = "<group>";
		};
/* End PBXGroup section */

/* Begin PBXNativeTarget section */
		521AAA6F2AC079180036E385 /* BalinaSoftTest */ = {
			isa = PBXNativeTarget;
			buildConfigurationList = 521AAA9A2AC0791A0036E385 /* Build configuration list for PBXNativeTarget "BalinaSoftTest" */;
			buildPhases = (
				521AAA6C2AC079180036E385 /* Sources */,
				521AAA6D2AC079180036E385 /* Frameworks */,
				521AAA6E2AC079180036E385 /* Resources */,
			);
			buildRules = (
			);
			dependencies = (
			);
			name = BalinaSoftTest;
			productName = BalinaSoftTest;
			productReference = 521AAA702AC079180036E385 /* BalinaSoftTest.app */;
			productType = "com.apple.product-type.application";
		};
		521AAA852AC0791A0036E385 /* BalinaSoftTestTests */ = {
			isa = PBXNativeTarget;
			buildConfigurationList = 521AAA9D2AC0791A0036E385 /* Build configuration list for PBXNativeTarget "BalinaSoftTestTests" */;
			buildPhases = (
				521AAA822AC0791A0036E385 /* Sources */,
				521AAA832AC0791A0036E385 /* Frameworks */,
				521AAA842AC0791A0036E385 /* Resources */,
			);
			buildRules = (
			);
			dependencies = (
				521AAA882AC0791A0036E385 /* PBXTargetDependency */,
			);
			name = BalinaSoftTestTests;
			productName = BalinaSoftTestTests;
			productReference = 521AAA862AC0791A0036E385 /* BalinaSoftTestTests.xctest */;
			productType = "com.apple.product-type.bundle.unit-test";
		};
		521AAA8F2AC0791A0036E385 /* BalinaSoftTestUITests */ = {
			isa = PBXNativeTarget;
			buildConfigurationList = 521AAAA02AC0791A0036E385 /* Build configuration list for PBXNativeTarget "BalinaSoftTestUITests" */;
			buildPhases = (
				521AAA8C2AC0791A0036E385 /* Sources */,
				521AAA8D2AC0791A0036E385 /* Frameworks */,
				521AAA8E2AC0791A0036E385 /* Resources */,
			);
			buildRules = (
			);
			dependencies = (
				521AAA922AC0791A0036E385 /* PBXTargetDependency */,
			);
			name = BalinaSoftTestUITests;
			productName = BalinaSoftTestUITests;
			productReference = 521AAA902AC0791A0036E385 /* BalinaSoftTestUITests.xctest */;
			productType = "com.apple.product-type.bundle.ui-testing";
		};
/* End PBXNativeTarget section */

/* Begin PBXProject section */
		521AAA682AC079180036E385 /* Project object */ = {
			isa = PBXProject;
			attributes = {
				BuildIndependentTargetsInParallel = 1;
				LastSwiftUpdateCheck = 1500;
				LastUpgradeCheck = 1500;
				TargetAttributes = {
					521AAA6F2AC079180036E385 = {
						CreatedOnToolsVersion = 15.0;
					};
					521AAA852AC0791A0036E385 = {
						CreatedOnToolsVersion = 15.0;
						TestTargetID = 521AAA6F2AC079180036E385;
					};
					521AAA8F2AC0791A0036E385 = {
						CreatedOnToolsVersion = 15.0;
						TestTargetID = 521AAA6F2AC079180036E385;
					};
				};
			};
			buildConfigurationList = 521AAA6B2AC079180036E385 /* Build configuration list for PBXProject "BalinaSoftTest" */;
			compatibilityVersion = "Xcode 14.0";
			developmentRegion = en;
			hasScannedForEncodings = 0;
			knownRegions = (
				en,
				Base,
			);
			mainGroup = 521AAA672AC079180036E385;
			productRefGroup = 521AAA712AC079180036E385 /* Products */;
			projectDirPath = "";
			projectRoot = "";
			targets = (
				521AAA6F2AC079180036E385 /* BalinaSoftTest */,
				521AAA852AC0791A0036E385 /* BalinaSoftTestTests */,
				521AAA8F2AC0791A0036E385 /* BalinaSoftTestUITests */,
			);
		};
/* End PBXProject section */

/* Begin PBXResourcesBuildPhase section */
		521AAA6E2AC079180036E385 /* Resources */ = {
			isa = PBXResourcesBuildPhase;
			buildActionMask = 2147483647;
			files = (
				521AAA802AC0791A0036E385 /* LaunchScreen.storyboard in Resources */,
				521AAA7D2AC0791A0036E385 /* Assets.xcassets in Resources */,
			);
			runOnlyForDeploymentPostprocessing = 0;
		};
		521AAA842AC0791A0036E385 /* Resources */ = {
			isa = PBXResourcesBuildPhase;
			buildActionMask = 2147483647;
			files = (
			);
			runOnlyForDeploymentPostprocessing = 0;
		};
		521AAA8E2AC0791A0036E385 /* Resources */ = {
			isa = PBXResourcesBuildPhase;
			buildActionMask = 2147483647;
			files = (
			);
			runOnlyForDeploymentPostprocessing = 0;
		};
/* End PBXResourcesBuildPhase section */

/* Begin PBXSourcesBuildPhase section */
		521AAA6C2AC079180036E385 /* Sources */ = {
			isa = PBXSourcesBuildPhase;
			buildActionMask = 2147483647;
			files = (
				521AAA782AC079190036E385 /* ListViewController.swift in Sources */,
				52B6E64A2AC0873800F1D523 /* Page.swift in Sources */,
				52B6E6432AC0825B00F1D523 /* UIColor + Extension.swift in Sources */,
				52B6E6452AC085A200F1D523 /* CustomCell.swift in Sources */,
				521AAA742AC079180036E385 /* AppDelegate.swift in Sources */,
				52B6E6482AC0870400F1D523 /* NetworkService.swift in Sources */,
				521AAA762AC079180036E385 /* SceneDelegate.swift in Sources */,
			);
			runOnlyForDeploymentPostprocessing = 0;
		};
		521AAA822AC0791A0036E385 /* Sources */ = {
			isa = PBXSourcesBuildPhase;
			buildActionMask = 2147483647;
			files = (
				521AAA8B2AC0791A0036E385 /* BalinaSoftTestTests.swift in Sources */,
			);
			runOnlyForDeploymentPostprocessing = 0;
		};
		521AAA8C2AC0791A0036E385 /* Sources */ = {
			isa = PBXSourcesBuildPhase;
			buildActionMask = 2147483647;
			files = (
				521AAA952AC0791A0036E385 /* BalinaSoftTestUITests.swift in Sources */,
				521AAA972AC0791A0036E385 /* BalinaSoftTestUITestsLaunchTests.swift in Sources */,
			);
			runOnlyForDeploymentPostprocessing = 0;
		};
/* End PBXSourcesBuildPhase section */

/* Begin PBXTargetDependency section */
		521AAA882AC0791A0036E385 /* PBXTargetDependency */ = {
			isa = PBXTargetDependency;
			target = 521AAA6F2AC079180036E385 /* BalinaSoftTest */;
			targetProxy = 521AAA872AC0791A0036E385 /* PBXContainerItemProxy */;
		};
		521AAA922AC0791A0036E385 /* PBXTargetDependency */ = {
			isa = PBXTargetDependency;
			target = 521AAA6F2AC079180036E385 /* BalinaSoftTest */;
			targetProxy = 521AAA912AC0791A0036E385 /* PBXContainerItemProxy */;
		};
/* End PBXTargetDependency section */

/* Begin PBXVariantGroup section */
		521AAA7E2AC0791A0036E385 /* LaunchScreen.storyboard */ = {
			isa = PBXVariantGroup;
			children = (
				521AAA7F2AC0791A0036E385 /* Base */,
			);
			name = LaunchScreen.storyboard;
			sourceTree = "<group>";
		};
/* End PBXVariantGroup section */

/* Begin XCBuildConfiguration section */
		521AAA982AC0791A0036E385 /* Debug */ = {
			isa = XCBuildConfiguration;
			buildSettings = {
				ALWAYS_SEARCH_USER_PATHS = NO;
				ASSETCATALOG_COMPILER_GENERATE_SWIFT_ASSET_SYMBOL_EXTENSIONS = YES;
				CLANG_ANALYZER_NONNULL = YES;
				CLANG_ANALYZER_NUMBER_OBJECT_CONVERSION = YES_AGGRESSIVE;
				CLANG_CXX_LANGUAGE_STANDARD = "gnu++20";
				CLANG_ENABLE_MODULES = YES;
				CLANG_ENABLE_OBJC_ARC = YES;
				CLANG_ENABLE_OBJC_WEAK = YES;
				CLANG_WARN_BLOCK_CAPTURE_AUTORELEASING = YES;
				CLANG_WARN_BOOL_CONVERSION = YES;
				CLANG_WARN_COMMA = YES;
				CLANG_WARN_CONSTANT_CONVERSION = YES;
				CLANG_WARN_DEPRECATED_OBJC_IMPLEMENTATIONS = YES;
				CLANG_WARN_DIRECT_OBJC_ISA_USAGE = YES_ERROR;
				CLANG_WARN_DOCUMENTATION_COMMENTS = YES;
				CLANG_WARN_EMPTY_BODY = YES;
				CLANG_WARN_ENUM_CONVERSION = YES;
				CLANG_WARN_INFINITE_RECURSION = YES;
				CLANG_WARN_INT_CONVERSION = YES;
				CLANG_WARN_NON_LITERAL_NULL_CONVERSION = YES;
				CLANG_WARN_OBJC_IMPLICIT_RETAIN_SELF = YES;
				CLANG_WARN_OBJC_LITERAL_CONVERSION = YES;
				CLANG_WARN_OBJC_ROOT_CLASS = YES_ERROR;
				CLANG_WARN_QUOTED_INCLUDE_IN_FRAMEWORK_HEADER = YES;
				CLANG_WARN_RANGE_LOOP_ANALYSIS = YES;
				CLANG_WARN_STRICT_PROTOTYPES = YES;
				CLANG_WARN_SUSPICIOUS_MOVE = YES;
				CLANG_WARN_UNGUARDED_AVAILABILITY = YES_AGGRESSIVE;
				CLANG_WARN_UNREACHABLE_CODE = YES;
				CLANG_WARN__DUPLICATE_METHOD_MATCH = YES;
				COPY_PHASE_STRIP = NO;
				DEBUG_INFORMATION_FORMAT = dwarf;
				ENABLE_STRICT_OBJC_MSGSEND = YES;
				ENABLE_TESTABILITY = YES;
				ENABLE_USER_SCRIPT_SANDBOXING = YES;
				GCC_C_LANGUAGE_STANDARD = gnu17;
				GCC_DYNAMIC_NO_PIC = NO;
				GCC_NO_COMMON_BLOCKS = YES;
				GCC_OPTIMIZATION_LEVEL = 0;
				GCC_PREPROCESSOR_DEFINITIONS = (
					"DEBUG=1",
					"$(inherited)",
				);
				GCC_WARN_64_TO_32_BIT_CONVERSION = YES;
				GCC_WARN_ABOUT_RETURN_TYPE = YES_ERROR;
				GCC_WARN_UNDECLARED_SELECTOR = YES;
				GCC_WARN_UNINITIALIZED_AUTOS = YES_AGGRESSIVE;
				GCC_WARN_UNUSED_FUNCTION = YES;
				GCC_WARN_UNUSED_VARIABLE = YES;
				IPHONEOS_DEPLOYMENT_TARGET = 17.0;
				LOCALIZATION_PREFERS_STRING_CATALOGS = YES;
				MTL_ENABLE_DEBUG_INFO = INCLUDE_SOURCE;
				MTL_FAST_MATH = YES;
				ONLY_ACTIVE_ARCH = YES;
				SDKROOT = iphoneos;
				SWIFT_ACTIVE_COMPILATION_CONDITIONS = "DEBUG $(inherited)";
				SWIFT_OPTIMIZATION_LEVEL = "-Onone";
			};
			name = Debug;
		};
		521AAA992AC0791A0036E385 /* Release */ = {
			isa = XCBuildConfiguration;
			buildSettings = {
				ALWAYS_SEARCH_USER_PATHS = NO;
				ASSETCATALOG_COMPILER_GENERATE_SWIFT_ASSET_SYMBOL_EXTENSIONS = YES;
				CLANG_ANALYZER_NONNULL = YES;
				CLANG_ANALYZER_NUMBER_OBJECT_CONVERSION = YES_AGGRESSIVE;
				CLANG_CXX_LANGUAGE_STANDARD = "gnu++20";
				CLANG_ENABLE_MODULES = YES;
				CLANG_ENABLE_OBJC_ARC = YES;
				CLANG_ENABLE_OBJC_WEAK = YES;
				CLANG_WARN_BLOCK_CAPTURE_AUTORELEASING = YES;
				CLANG_WARN_BOOL_CONVERSION = YES;
				CLANG_WARN_COMMA = YES;
				CLANG_WARN_CONSTANT_CONVERSION = YES;
				CLANG_WARN_DEPRECATED_OBJC_IMPLEMENTATIONS = YES;
				CLANG_WARN_DIRECT_OBJC_ISA_USAGE = YES_ERROR;
				CLANG_WARN_DOCUMENTATION_COMMENTS = YES;
				CLANG_WARN_EMPTY_BODY = YES;
				CLANG_WARN_ENUM_CONVERSION = YES;
				CLANG_WARN_INFINITE_RECURSION = YES;
				CLANG_WARN_INT_CONVERSION = YES;
				CLANG_WARN_NON_LITERAL_NULL_CONVERSION = YES;
				CLANG_WARN_OBJC_IMPLICIT_RETAIN_SELF = YES;
				CLANG_WARN_OBJC_LITERAL_CONVERSION = YES;
				CLANG_WARN_OBJC_ROOT_CLASS = YES_ERROR;
				CLANG_WARN_QUOTED_INCLUDE_IN_FRAMEWORK_HEADER = YES;
				CLANG_WARN_RANGE_LOOP_ANALYSIS = YES;
				CLANG_WARN_STRICT_PROTOTYPES = YES;
				CLANG_WARN_SUSPICIOUS_MOVE = YES;
				CLANG_WARN_UNGUARDED_AVAILABILITY = YES_AGGRESSIVE;
				CLANG_WARN_UNREACHABLE_CODE = YES;
				CLANG_WARN__DUPLICATE_METHOD_MATCH = YES;
				COPY_PHASE_STRIP = NO;
				DEBUG_INFORMATION_FORMAT = "dwarf-with-dsym";
				ENABLE_NS_ASSERTIONS = NO;
				ENABLE_STRICT_OBJC_MSGSEND = YES;
				ENABLE_USER_SCRIPT_SANDBOXING = YES;
				GCC_C_LANGUAGE_STANDARD = gnu17;
				GCC_NO_COMMON_BLOCKS = YES;
				GCC_WARN_64_TO_32_BIT_CONVERSION = YES;
				GCC_WARN_ABOUT_RETURN_TYPE = YES_ERROR;
				GCC_WARN_UNDECLARED_SELECTOR = YES;
				GCC_WARN_UNINITIALIZED_AUTOS = YES_AGGRESSIVE;
				GCC_WARN_UNUSED_FUNCTION = YES;
				GCC_WARN_UNUSED_VARIABLE = YES;
				IPHONEOS_DEPLOYMENT_TARGET = 17.0;
				LOCALIZATION_PREFERS_STRING_CATALOGS = YES;
				MTL_ENABLE_DEBUG_INFO = NO;
				MTL_FAST_MATH = YES;
				SDKROOT = iphoneos;
				SWIFT_COMPILATION_MODE = wholemodule;
				VALIDATE_PRODUCT = YES;
			};
			name = Release;
		};
		521AAA9B2AC0791A0036E385 /* Debug */ = {
			isa = XCBuildConfiguration;
			buildSettings = {
				ASSETCATALOG_COMPILER_APPICON_NAME = AppIcon;
				ASSETCATALOG_COMPILER_GLOBAL_ACCENT_COLOR_NAME = AccentColor;
				CODE_SIGN_STYLE = Automatic;
				CURRENT_PROJECT_VERSION = 1;
				DEVELOPMENT_TEAM = 7G79D48L69;
				GENERATE_INFOPLIST_FILE = YES;
				INFOPLIST_FILE = BalinaSoftTest/Resources/Info.plist;
				INFOPLIST_KEY_UIApplicationSupportsIndirectInputEvents = YES;
				INFOPLIST_KEY_UILaunchStoryboardName = LaunchScreen;
				INFOPLIST_KEY_UISupportedInterfaceOrientations_iPad = "UIInterfaceOrientationPortrait UIInterfaceOrientationPortraitUpsideDown UIInterfaceOrientationLandscapeLeft UIInterfaceOrientationLandscapeRight";
				INFOPLIST_KEY_UISupportedInterfaceOrientations_iPhone = "UIInterfaceOrientationPortrait UIInterfaceOrientationLandscapeLeft UIInterfaceOrientationLandscapeRight";
				LD_RUNPATH_SEARCH_PATHS = (
					"$(inherited)",
					"@executable_path/Frameworks",
				);
				MARKETING_VERSION = 1.0;
				PRODUCT_BUNDLE_IDENTIFIER = com.andrewIssues.BalinaSoftTest;
				PRODUCT_NAME = "$(TARGET_NAME)";
				SWIFT_EMIT_LOC_STRINGS = YES;
				SWIFT_VERSION = 5.0;
				TARGETED_DEVICE_FAMILY = "1,2";
			};
			name = Debug;
		};
		521AAA9C2AC0791A0036E385 /* Release */ = {
			isa = XCBuildConfiguration;
			buildSettings = {
				ASSETCATALOG_COMPILER_APPICON_NAME = AppIcon;
				ASSETCATALOG_COMPILER_GLOBAL_ACCENT_COLOR_NAME = AccentColor;
				CODE_SIGN_STYLE = Automatic;
				CURRENT_PROJECT_VERSION = 1;
				DEVELOPMENT_TEAM = 7G79D48L69;
				GENERATE_INFOPLIST_FILE = YES;
				INFOPLIST_FILE = BalinaSoftTest/Resources/Info.plist;
				INFOPLIST_KEY_UIApplicationSupportsIndirectInputEvents = YES;
				INFOPLIST_KEY_UILaunchStoryboardName = LaunchScreen;
				INFOPLIST_KEY_UISupportedInterfaceOrientations_iPad = "UIInterfaceOrientationPortrait UIInterfaceOrientationPortraitUpsideDown UIInterfaceOrientationLandscapeLeft UIInterfaceOrientationLandscapeRight";
				INFOPLIST_KEY_UISupportedInterfaceOrientations_iPhone = "UIInterfaceOrientationPortrait UIInterfaceOrientationLandscapeLeft UIInterfaceOrientationLandscapeRight";
				LD_RUNPATH_SEARCH_PATHS = (
					"$(inherited)",
					"@executable_path/Frameworks",
				);
				MARKETING_VERSION = 1.0;
				PRODUCT_BUNDLE_IDENTIFIER = com.andrewIssues.BalinaSoftTest;
				PRODUCT_NAME = "$(TARGET_NAME)";
				SWIFT_EMIT_LOC_STRINGS = YES;
				SWIFT_VERSION = 5.0;
				TARGETED_DEVICE_FAMILY = "1,2";
			};
			name = Release;
		};
		521AAA9E2AC0791A0036E385 /* Debug */ = {
			isa = XCBuildConfiguration;
			buildSettings = {
				ALWAYS_EMBED_SWIFT_STANDARD_LIBRARIES = YES;
				BUNDLE_LOADER = "$(TEST_HOST)";
				CODE_SIGN_STYLE = Automatic;
				CURRENT_PROJECT_VERSION = 1;
				DEVELOPMENT_TEAM = 7G79D48L69;
				GENERATE_INFOPLIST_FILE = YES;
				IPHONEOS_DEPLOYMENT_TARGET = 17.0;
				MARKETING_VERSION = 1.0;
				PRODUCT_BUNDLE_IDENTIFIER = com.andrewIssues.BalinaSoftTestTests;
				PRODUCT_NAME = "$(TARGET_NAME)";
				SWIFT_EMIT_LOC_STRINGS = NO;
				SWIFT_VERSION = 5.0;
				TARGETED_DEVICE_FAMILY = "1,2";
				TEST_HOST = "$(BUILT_PRODUCTS_DIR)/BalinaSoftTest.app/$(BUNDLE_EXECUTABLE_FOLDER_PATH)/BalinaSoftTest";
			};
			name = Debug;
		};
		521AAA9F2AC0791A0036E385 /* Release */ = {
			isa = XCBuildConfiguration;
			buildSettings = {
				ALWAYS_EMBED_SWIFT_STANDARD_LIBRARIES = YES;
				BUNDLE_LOADER = "$(TEST_HOST)";
				CODE_SIGN_STYLE = Automatic;
				CURRENT_PROJECT_VERSION = 1;
				DEVELOPMENT_TEAM = 7G79D48L69;
				GENERATE_INFOPLIST_FILE = YES;
				IPHONEOS_DEPLOYMENT_TARGET = 17.0;
				MARKETING_VERSION = 1.0;
				PRODUCT_BUNDLE_IDENTIFIER = com.andrewIssues.BalinaSoftTestTests;
				PRODUCT_NAME = "$(TARGET_NAME)";
				SWIFT_EMIT_LOC_STRINGS = NO;
				SWIFT_VERSION = 5.0;
				TARGETED_DEVICE_FAMILY = "1,2";
				TEST_HOST = "$(BUILT_PRODUCTS_DIR)/BalinaSoftTest.app/$(BUNDLE_EXECUTABLE_FOLDER_PATH)/BalinaSoftTest";
			};
			name = Release;
		};
		521AAAA12AC0791A0036E385 /* Debug */ = {
			isa = XCBuildConfiguration;
			buildSettings = {
				ALWAYS_EMBED_SWIFT_STANDARD_LIBRARIES = YES;
				CODE_SIGN_STYLE = Automatic;
				CURRENT_PROJECT_VERSION = 1;
				DEVELOPMENT_TEAM = 7G79D48L69;
				GENERATE_INFOPLIST_FILE = YES;
				MARKETING_VERSION = 1.0;
				PRODUCT_BUNDLE_IDENTIFIER = com.andrewIssues.BalinaSoftTestUITests;
				PRODUCT_NAME = "$(TARGET_NAME)";
				SWIFT_EMIT_LOC_STRINGS = NO;
				SWIFT_VERSION = 5.0;
				TARGETED_DEVICE_FAMILY = "1,2";
				TEST_TARGET_NAME = BalinaSoftTest;
			};
			name = Debug;
		};
		521AAAA22AC0791A0036E385 /* Release */ = {
			isa = XCBuildConfiguration;
			buildSettings = {
				ALWAYS_EMBED_SWIFT_STANDARD_LIBRARIES = YES;
				CODE_SIGN_STYLE = Automatic;
				CURRENT_PROJECT_VERSION = 1;
				DEVELOPMENT_TEAM = 7G79D48L69;
				GENERATE_INFOPLIST_FILE = YES;
				MARKETING_VERSION = 1.0;
				PRODUCT_BUNDLE_IDENTIFIER = com.andrewIssues.BalinaSoftTestUITests;
				PRODUCT_NAME = "$(TARGET_NAME)";
				SWIFT_EMIT_LOC_STRINGS = NO;
				SWIFT_VERSION = 5.0;
				TARGETED_DEVICE_FAMILY = "1,2";
				TEST_TARGET_NAME = BalinaSoftTest;
			};
			name = Release;
		};
/* End XCBuildConfiguration section */

/* Begin XCConfigurationList section */
		521AAA6B2AC079180036E385 /* Build configuration list for PBXProject "BalinaSoftTest" */ = {
			isa = XCConfigurationList;
			buildConfigurations = (
				521AAA982AC0791A0036E385 /* Debug */,
				521AAA992AC0791A0036E385 /* Release */,
			);
			defaultConfigurationIsVisible = 0;
			defaultConfigurationName = Release;
		};
		521AAA9A2AC0791A0036E385 /* Build configuration list for PBXNativeTarget "BalinaSoftTest" */ = {
			isa = XCConfigurationList;
			buildConfigurations = (
				521AAA9B2AC0791A0036E385 /* Debug */,
				521AAA9C2AC0791A0036E385 /* Release */,
			);
			defaultConfigurationIsVisible = 0;
			defaultConfigurationName = Release;
		};
		521AAA9D2AC0791A0036E385 /* Build configuration list for PBXNativeTarget "BalinaSoftTestTests" */ = {
			isa = XCConfigurationList;
			buildConfigurations = (
				521AAA9E2AC0791A0036E385 /* Debug */,
				521AAA9F2AC0791A0036E385 /* Release */,
			);
			defaultConfigurationIsVisible = 0;
			defaultConfigurationName = Release;
		};
		521AAAA02AC0791A0036E385 /* Build configuration list for PBXNativeTarget "BalinaSoftTestUITests" */ = {
			isa = XCConfigurationList;
			buildConfigurations = (
				521AAAA12AC0791A0036E385 /* Debug */,
				521AAAA22AC0791A0036E385 /* Release */,
			);
			defaultConfigurationIsVisible = 0;
			defaultConfigurationName = Release;
		};
/* End XCConfigurationList section */
	};
	rootObject = 521AAA682AC079180036E385 /* Project object */;
}
